
Microsoft Visual Studio Solution File, Format Version 12.00
# Visual Studio 15
VisualStudioVersion = 15.0.28307.136
MinimumVisualStudioVersion = 10.0.40219.1
Project("{FAE04EC0-301F-11D3-BF4B-00C04F79EFBC}") = "LearningAsyncAwait", "LearningAsyncAwait\LearningAsyncAwait.csproj", "{ED6985A3-8497-4182-B89A-978D148A7A1E}"
EndProject
Global
	GlobalSection(SolutionConfigurationPlatforms) = preSolution
		Debug|Any CPU = Debug|Any CPU
		Release|Any CPU = Release|Any CPU
	EndGlobalSection
	GlobalSection(ProjectConfigurationPlatforms) = postSolution
		{ED6985A3-8497-4182-B89A-978D148A7A1E}.Debug|Any CPU.ActiveCfg = Debug|Any CPU
		{ED6985A3-8497-4182-B89A-978D148A7A1E}.Debug|Any CPU.Build.0 = Debug|Any CPU
		{ED6985A3-8497-4182-B89A-978D148A7A1E}.Release|Any CPU.ActiveCfg = Release|Any CPU
		{ED6985A3-8497-4182-B89A-978D148A7A1E}.Release|Any CPU.Build.0 = Release|Any CPU
	EndGlobalSection
	GlobalSection(SolutionProperties) = preSolution
		HideSolutionNode = FALSE
	EndGlobalSection
	GlobalSection(ExtensibilityGlobals) = postSolution
		SolutionGuid = {E1208414-FBF6-402B-99D2-2FF341A24572}
	EndGlobalSection
EndGlobal
